
Microsoft Visual Studio Solution File, Format Version 12.00
# Visual Studio Version 17
VisualStudioVersion = 17.1.32210.238
MinimumVisualStudioVersion = 10.0.40219.1
Project("{9A19103F-16F7-4668-BE54-9A1E7A4F7556}") = "sparseArrays", "arrays\sparseArrays\sparseArrays.csproj", "{762682F3-232C-4DAA-A40F-B193AC5AD2BD}"
EndProject
Project("{9A19103F-16F7-4668-BE54-9A1E7A4F7556}") = "leftRotation", "arrays\leftRotation\leftRotation.csproj", "{A038BBC9-DD4C-4037-B425-86210968B81F}"
EndProject
Project("{2150E333-8FDC-42A3-9474-1A3956D46DE8}") = "arrays", "arrays", "{C1013532-15E3-4C22-A126-CAECB1B18E96}"
EndProject
Project("{9A19103F-16F7-4668-BE54-9A1E7A4F7556}") = "findNumber", "arrays\findNumber\findNumber.csproj", "{C44CCFC9-39FB-4671-9880-6E49CBE8619B}"
EndProject
Project("{9A19103F-16F7-4668-BE54-9A1E7A4F7556}") = "oddNumbers", "arrays\oddNumbers\oddNumbers.csproj", "{8BB5DCF7-9C2C-49A9-BFB6-B54B1B8B7A85}"
EndProject
Project("{9A19103F-16F7-4668-BE54-9A1E7A4F7556}") = "swapNodes", "trees\swapNodes\swapNodes.csproj", "{CDF46B7F-7D24-4163-95BA-DB5F406692F2}"
EndProject
Project("{2150E333-8FDC-42A3-9474-1A3956D46DE8}") = "trees", "trees", "{C8F67CB5-FB7F-44A5-9101-AAA0C6AFAB10}"
EndProject
Project("{FAE04EC0-301F-11D3-BF4B-00C04F79EFBC}") = "decreasingRatings", "decreasingRatings\decreasingRatings.csproj", "{8FD1C41D-2606-4C07-94F0-D824016884B2}"
EndProject
Global
	GlobalSection(SolutionConfigurationPlatforms) = preSolution
		Debug|Any CPU = Debug|Any CPU
		Release|Any CPU = Release|Any CPU
	EndGlobalSection
	GlobalSection(ProjectConfigurationPlatforms) = postSolution
		{762682F3-232C-4DAA-A40F-B193AC5AD2BD}.Debug|Any CPU.ActiveCfg = Debug|Any CPU
		{762682F3-232C-4DAA-A40F-B193AC5AD2BD}.Debug|Any CPU.Build.0 = Debug|Any CPU
		{762682F3-232C-4DAA-A40F-B193AC5AD2BD}.Release|Any CPU.ActiveCfg = Release|Any CPU
		{762682F3-232C-4DAA-A40F-B193AC5AD2BD}.Release|Any CPU.Build.0 = Release|Any CPU
		{A038BBC9-DD4C-4037-B425-86210968B81F}.Debug|Any CPU.ActiveCfg = Debug|Any CPU
		{A038BBC9-DD4C-4037-B425-86210968B81F}.Debug|Any CPU.Build.0 = Debug|Any CPU
		{A038BBC9-DD4C-4037-B425-86210968B81F}.Release|Any CPU.ActiveCfg = Release|Any CPU
		{A038BBC9-DD4C-4037-B425-86210968B81F}.Release|Any CPU.Build.0 = Release|Any CPU
		{C44CCFC9-39FB-4671-9880-6E49CBE8619B}.Debug|Any CPU.ActiveCfg = Debug|Any CPU
		{C44CCFC9-39FB-4671-9880-6E49CBE8619B}.Debug|Any CPU.Build.0 = Debug|Any CPU
		{C44CCFC9-39FB-4671-9880-6E49CBE8619B}.Release|Any CPU.ActiveCfg = Release|Any CPU
		{C44CCFC9-39FB-4671-9880-6E49CBE8619B}.Release|Any CPU.Build.0 = Release|Any CPU
		{8BB5DCF7-9C2C-49A9-BFB6-B54B1B8B7A85}.Debug|Any CPU.ActiveCfg = Debug|Any CPU
		{8BB5DCF7-9C2C-49A9-BFB6-B54B1B8B7A85}.Debug|Any CPU.Build.0 = Debug|Any CPU
		{8BB5DCF7-9C2C-49A9-BFB6-B54B1B8B7A85}.Release|Any CPU.ActiveCfg = Release|Any CPU
		{8BB5DCF7-9C2C-49A9-BFB6-B54B1B8B7A85}.Release|Any CPU.Build.0 = Release|Any CPU
		{CDF46B7F-7D24-4163-95BA-DB5F406692F2}.Debug|Any CPU.ActiveCfg = Debug|Any CPU
		{CDF46B7F-7D24-4163-95BA-DB5F406692F2}.Debug|Any CPU.Build.0 = Debug|Any CPU
		{CDF46B7F-7D24-4163-95BA-DB5F406692F2}.Release|Any CPU.ActiveCfg = Release|Any CPU
		{CDF46B7F-7D24-4163-95BA-DB5F406692F2}.Release|Any CPU.Build.0 = Release|Any CPU
		{8FD1C41D-2606-4C07-94F0-D824016884B2}.Debug|Any CPU.ActiveCfg = Debug|Any CPU
		{8FD1C41D-2606-4C07-94F0-D824016884B2}.Debug|Any CPU.Build.0 = Debug|Any CPU
		{8FD1C41D-2606-4C07-94F0-D824016884B2}.Release|Any CPU.ActiveCfg = Release|Any CPU
		{8FD1C41D-2606-4C07-94F0-D824016884B2}.Release|Any CPU.Build.0 = Release|Any CPU
	EndGlobalSection
	GlobalSection(SolutionProperties) = preSolution
		HideSolutionNode = FALSE
	EndGlobalSection
	GlobalSection(NestedProjects) = preSolution
		{762682F3-232C-4DAA-A40F-B193AC5AD2BD} = {C1013532-15E3-4C22-A126-CAECB1B18E96}
		{A038BBC9-DD4C-4037-B425-86210968B81F} = {C1013532-15E3-4C22-A126-CAECB1B18E96}
		{C44CCFC9-39FB-4671-9880-6E49CBE8619B} = {C1013532-15E3-4C22-A126-CAECB1B18E96}
		{8BB5DCF7-9C2C-49A9-BFB6-B54B1B8B7A85} = {C1013532-15E3-4C22-A126-CAECB1B18E96}
		{CDF46B7F-7D24-4163-95BA-DB5F406692F2} = {C8F67CB5-FB7F-44A5-9101-AAA0C6AFAB10}
	EndGlobalSection
	GlobalSection(ExtensibilityGlobals) = postSolution
		SolutionGuid = {9E0561EF-FE27-4F50-844F-5DCF8211FF09}
	EndGlobalSection
EndGlobal
